
Microsoft Visual Studio Solution File, Format Version 12.00
# Visual Studio Version 17
VisualStudioVersion = 17.14.36518.9
MinimumVisualStudioVersion = 10.0.40219.1
Project("{FAE04EC0-301F-11D3-BF4B-00C04F79EFBC}") = "Hnefatafl.Engine", "Hnefatafl.Engine.Core\Hnefatafl.Engine.csproj", "{35CD238D-C372-46E5-8102-EDB3974F4FD1}"
EndProject
Project("{FAE04EC0-301F-11D3-BF4B-00C04F79EFBC}") = "Hnefatafl.Engine.Tests", "Hnefatafl.Engine.Tests\Hnefatafl.Engine.Tests.csproj", "{98D61851-F7BC-4EA7-A15D-A961D63761FD}"
EndProject
Global
	GlobalSection(SolutionConfigurationPlatforms) = preSolution
		Debug|Any CPU = Debug|Any CPU
		Release|Any CPU = Release|Any CPU
	EndGlobalSection
	GlobalSection(ProjectConfigurationPlatforms) = postSolution
		{35CD238D-C372-46E5-8102-EDB3974F4FD1}.Debug|Any CPU.ActiveCfg = Debug|Any CPU
		{35CD238D-C372-46E5-8102-EDB3974F4FD1}.Debug|Any CPU.Build.0 = Debug|Any CPU
		{35CD238D-C372-46E5-8102-EDB3974F4FD1}.Release|Any CPU.ActiveCfg = Release|Any CPU
		{35CD238D-C372-46E5-8102-EDB3974F4FD1}.Release|Any CPU.Build.0 = Release|Any CPU
		{98D61851-F7BC-4EA7-A15D-A961D63761FD}.Debug|Any CPU.ActiveCfg = Debug|Any CPU
		{98D61851-F7BC-4EA7-A15D-A961D63761FD}.Debug|Any CPU.Build.0 = Debug|Any CPU
		{98D61851-F7BC-4EA7-A15D-A961D63761FD}.Release|Any CPU.ActiveCfg = Release|Any CPU
		{98D61851-F7BC-4EA7-A15D-A961D63761FD}.Release|Any CPU.Build.0 = Release|Any CPU
	EndGlobalSection
	GlobalSection(SolutionProperties) = preSolution
		HideSolutionNode = FALSE
	EndGlobalSection
	GlobalSection(ExtensibilityGlobals) = postSolution
		SolutionGuid = {7ACE2B79-A44B-44FA-89EA-50EBD85C7336}
	EndGlobalSection
EndGlobal
